
Microsoft Visual Studio Solution File, Format Version 12.00
# Visual Studio Version 16
VisualStudioVersion = 16.0.29009.5
MinimumVisualStudioVersion = 10.0.40219.1
Project("{FAE04EC0-301F-11D3-BF4B-00C04F79EFBC}") = "MyNameList", "MyNameList.csproj", "{153940C5-9C78-495B-B0DD-E03362E6419F}"
EndProject
Global
	GlobalSection(SolutionConfigurationPlatforms) = preSolution
		Debug|Any CPU = Debug|Any CPU
		Release|Any CPU = Release|Any CPU
	EndGlobalSection
	GlobalSection(ProjectConfigurationPlatforms) = postSolution
		{153940C5-9C78-495B-B0DD-E03362E6419F}.Debug|Any CPU.ActiveCfg = Debug|Any CPU
		{153940C5-9C78-495B-B0DD-E03362E6419F}.Debug|Any CPU.Build.0 = Debug|Any CPU
		{153940C5-9C78-495B-B0DD-E03362E6419F}.Release|Any CPU.ActiveCfg = Release|Any CPU
		{153940C5-9C78-495B-B0DD-E03362E6419F}.Release|Any CPU.Build.0 = Release|Any CPU
	EndGlobalSection
	GlobalSection(SolutionProperties) = preSolution
		HideSolutionNode = FALSE
	EndGlobalSection
	GlobalSection(ExtensibilityGlobals) = postSolution
		SolutionGuid = {1C089447-38EF-428A-B6F5-98F32DF7B774}
	EndGlobalSection
EndGlobal
